{
  "name": "aegis",
  "version": "0.0.0",
  "lockfileVersion": 3,
  "requires": true,
  "packages": {
    "": {
      "name": "aegis",
      "version": "0.0.0",
      "dependencies": {
        "@google/genai": "^0.2.1",
        "react": "^18.2.0",
        "react-dom": "^18.2.0"
      },
      "devDependencies": {
        "@types/node": "^20.11.24",
        "@types/react": "^18.2.61",
        "@types/react-dom": "^18.2.19",
        "@vitejs/plugin-react": "^4.2.1",
        "typescript": "^5.2.2",
        "vite": "^5.2.0"
      }
    },
    "node_modules/@babel/runtime": {
      "version": "7.24.7",
      "resolved": "https://registry.npmjs.org/@babel/runtime/-/runtime-7.24.7.tgz",
      "integrity": "sha512-UuxV2J2F2tnL22k22oReq23a9LLg3b8D3rEtM1QG2YA/YJf8g7I75qZ32QlDkd2rk6+2TzndzThnU3KkPAYEaQ==",
      "dev": true,
      "dependencies": {
        "regenerator-runtime": "^0.14.0"
      },
      "engines": {
        "node": ">=6.9.0"
      }
    },
    "node_modules/@google/genai": {
      "version": "0.2.1",
      "resolved": "https://registry.npmjs.org/@google/genai/-/genai-0.2.1.tgz",
      "integrity": "sha512-Iu4i6l8W2jC9dGgL8uPoeGc1nHQ3l/zPWNMOmoXfSHvKxtFU/KKJd9q/U3Qh2FzXwKk8oK/v2bFiGZ1y+uCgAQ==",
      "engines": {
        "node": ">=18.0.0"
      }
    },
    "node_modules/@types/node": {
      "version": "20.11.24",
      "resolved": "https://registry.npmjs.org/@types/node/-/node-20.11.24.tgz",
      "integrity": "sha512-qoQvBe/ercy2dgMjw40+0NLn13fRE9n4w/Sno52Ag80fB0na/t2jL5p+Go8gYf+MunC22sL6gl9wSpb2S3I4EA==",
      "dev": true,
      "dependencies": {
        "undici-types": "~5.26.4"
      }
    },
    "node_modules/@types/prop-types": {
      "version": "15.7.12",
      "resolved": "https://registry.npmjs.org/@types/prop-types/-/prop-types-15.7.12.tgz",
      "integrity": "sha512-5zvhXYS3icfNlvmqgAB8oV4QkssiPac7AWi1V4O6ZTO0CQ42MxB/3s7v2C+SovsYgbsuhxNnuoGk+L7Fdx2sFw==",
      "dev": true
    },
    "node_modules/@types/react": {
      "version": "18.2.61",
      "resolved": "https://registry.npmjs.org/@types/react/-/react-18.2.61.tgz",
      "integrity": "sha512-H/5oJk+Iq29Xy22L9cGpQ0dJgKl4jQ7I2iZL/tG4aDkdwk3v2i5rG93y2sQx2sPYL20I/QyIuDLR0jcrxJ33w==",
      "dev": true,
      "dependencies": {
        "@types/prop-types": "*",
        "csstype": "^3.0.2"
      }
    },
    "node_modules/@types/react-dom": {
      "version": "18.2.19",
      "resolved": "https://registry.npmjs.org/@types/react-dom/-/react-dom-18.2.19.tgz",
      "integrity": "sha512-X0KmL0k2K5kSL3+hJPb/hKiG4s8l72eZ66h4Tqv1qdhrq2N/W3v2lq3o4A++qq/StA8lKFgV/dC5ncsfArY2Tg==",
      "dev": true,
      "dependencies": {
        "@types/react": "*"
      }
    },
    "node_modules/@vitejs/plugin-react": {
      "version": "4.2.1",
      "resolved": "https://registry.npmjs.org/@vitejs/plugin-react/-/plugin-react-4.2.1.tgz",
      "integrity": "sha512-s2+sB3S9y21+DkWB8tJ8v2nS9v5eLp7Ynb0sVBbeFPdaXn57IT35t4ydqf7A/AfL6b0tg29caEZh5/rR5r2G7w==",
      "dev": true,
      "dependencies": {
        "@babel/runtime": "^7.23.5"
      },
      "peerDependencies": {
        "vite": "^4.2.0 || ^5.0.0"
      }
    },
    "node_modules/csstype": {
      "version": "3.1.3",
      "resolved": "https://registry.npmjs.org/csstype/-/csstype-3.1.3.tgz",
      "integrity": "sha512-M1uQkMl8rQK/szD0LNhtqxIPLzU33HacI7xYptSZ/L4VpTE5Nf3bPv4LEaC40i3oY+mZ2fZ5h5p/IIb9oG9v/w==",
      "dev": true
    },
    "node_modules/esbuild": {
      "version": "0.20.2",
      "resolved": "https://registry.npmjs.org/esbuild/-/esbuild-0.20.2.tgz",
      "integrity": "sha512-NUzU+2uEFOWf3t9e4c3k/pG62j0bE40S3d5P3oM4c/E9U2J5TRjpwBAtJt7EisIsD/s5b1yILoPzB70rYQj5g==",
      "dev": true,
      "hasInstallScript": true,
      "bin": {
        "esbuild": "bin/esbuild"
      },
      "engines": {
        "node": ">=12"
      },
      "optionalDependencies": {
        "@esbuild/android-arm": "0.20.2",
        "@esbuild/android-arm64": "0.20.2",
        "@esbuild/android-x64": "0.20.2",
        "@esbuild/darwin-arm64": "0.20.2",
        "@esbuild/darwin-x64": "0.20.2",
        "@esbuild/freebsd-arm64": "0.20.2",
        "@esbuild/freebsd-x64": "0.20.2",
        "@esbuild/linux-arm": "0.20.2",
        "@esbuild/linux-arm64": "0.20.2",
        "@esbuild/linux-ia32": "0.20.2",
        "@esbuild/linux-loong64": "0.20.2",
        "@esbuild/linux-mips64el": "0.20.2",
        "@esbuild/linux-ppc64": "0.20.2",
        "@esbuild/linux-riscv64": "0.20.2",
        "@esbuild/linux-s390x": "0.20.2",
        "@esbuild/linux-x64": "0.20.2",
        "@esbuild/netbsd-x64": "0.20.2",
        "@esbuild/openbsd-x64": "0.20.2",
        "@esbuild/sunos-x64": "0.20.2",
        "@esbuild/win32-arm64": "0.20.2",
        "@esbuild/win32-ia32": "0.20.2",
        "@esbuild/win32-x64": "0.20.2"
      }
    },
    "node_modules/fsevents": {
      "version": "2.3.3",
      "resolved": "https://registry.npmjs.org/fsevents/-/fsevents-2.3.3.tgz",
      "integrity": "sha512-5xoFELQe4G4qS9VAd9kVO26BERotcebSpVRVlo4jBv1oohR3oQvcoi3kLtIe9DoP5/KBCal5gEwTStB+Ntmh2w==",
      "dev": true,
      "hasInstallScript": true,
      "optional": true,
      "os": [
        "darwin"
      ],
      "engines": {
        "node": "^8.16.0 || ^10.6.0 || >=11.0.0"
      }
    },
    "node_modules/js-tokens": {
      "version": "4.0.0",
      "resolved": "https://registry.npmjs.org/js-tokens/-/js-tokens-4.0.0.tgz",
      "integrity": "sha512-RdJUflcE3cUzKiMqQgsCu06FPu9UdIJO0beYbPhHN4k6apgJtifcoCtT9bcxOpYBtpD2kCM6Sbzg4CausW/PKQ=="
    },
    "node_modules/loose-envify": {
      "version": "1.4.0",
      "resolved": "https://registry.npmjs.org/loose-envify/-/loose-envify-1.4.0.tgz",
      "integrity": "sha512-lyuxPGr/Wfhrlem2CL/UXYygA92LwsCUYcpOBirx3avkKeUo84I/OCEQJ/M3vthreeZKi9UHMcfzbo6axeZ7g==",
      "hasInstallScript": true,
      "dependencies": {
        "js-tokens": "^3.0.0 || ^4.0.0"
      },
      "bin": {
        "loose-envify": "cli.js"
      }
    },
    "node_modules/nanoid": {
      "version": "3.3.7",
      "resolved": "https://registry.npmjs.org/nanoid/-/nanoid-3.3.7.tgz",
      "integrity": "sha512-dYnhHh0nJoMfnkZs6GmmhFknAGRrLznOu5nc9ML+EJxGvrx6H7teuevqVqCuPcPK//3eDrrjQhehXVx9cnkGdw==",
      "dev": true,
      "funding": [
        {
          "type": "github",
          "url": "https://github.com/sponsors/ai"
        }
      ],
      "bin": {
        "nanoid": "bin/nanoid.js"
      },
      "engines": {
        "node": "^10 || ^12 || ^13.7 || ^14 || >=15.0.1"
      }
    },
    "node_modules/picocolors": {
      "version": "1.0.1",
      "resolved": "https://registry.npmjs.org/picocolors/-/picocolors-1.0.1.tgz",
      "integrity": "sha512-anH1j8+JEbN3zx7a0K2U43mI7wDrdYfBiC+Rj+DcNFLYSs3a+E7mY6s2/2S15+e4sglp0oM7gYDPt3TfK9K5gA==",
      "dev": true
    },
    "node_modules/postcss": {
      "version": "8.4.38",
      "resolved": "https://registry.npmjs.org/postcss/-/postcss-8.4.38.tgz",
      "integrity": "sha512-W+uEEp8CRv7DMX+z6gr2y/0W7tVyI1W3s2pxiP8+v7Ss2ot3a+p+4im+oLcbk42iWyA95daXy3a21m3f2AOy2g==",
      "dev": true,
      "funding": [
        {
          "type": "opencollective",
          "url": "https://opencollective.com/postcss/"
        },
        {
          "type": "tidelift",
          "url": "https://tidelift.com/funding/github/npm/postcss"
        },
        {
          "type": "github",
          "url": "https://github.com/sponsors/ai"
        }
      ],
      "dependencies": {
        "nanoid": "^3.3.7",
        "picocolors": "^1.0.1",
        "source-map-js": "^1.2.0"
      },
      "engines": {
        "node": "^10 || ^12 || >=14"
      }
    },
    "node_modules/react": {
      "version": "18.2.0",
      "resolved": "https://registry.npmjs.org/react/-/react-18.2.0.tgz",
      "integrity": "sha512-/3IjMdbBCA51B/zYce54rAEf2YzZ3eLIwPSKxgjY1JsytM57IIUTGrO/Uh5AM+g7UAqzBcpAClKLuPgDmocvyg==",
      "dependencies": {
        "loose-envify": "^1.1.0"
      },
      "engines": {
        "node": ">=0.10.0"
      }
    },
    "node_modules/react-dom": {
      "version": "18.2.0",
      "resolved": "https://registry.npmjs.org/react-dom/-/react-dom-18.2.0.tgz",
      "integrity": "sha512-6IMTriUmvsjHUjNtEDudZfuDQUoWzZXhDcLGCr8vULklfp/e2+SM9gJUL5UbsFBqd5C058dDddit2IZyl36DoA==",
      "dependencies": {
        "loose-envify": "^1.1.0",
        "scheduler": "^0.23.0"
      },
      "peerDependencies": {
        "react": "^18.2.0"
      }
    },
    "node_modules/regenerator-runtime": {
      "version": "0.14.1",
      "resolved": "https://registry.npmjs.org/regenerator-runtime/-/regenerator-runtime-0.14.1.tgz",
      "integrity": "sha512-dYnhHh0nJoMfnkZs6GmmhFknAGRrLznOu5nc9ML+EJxGvrx6H7teuevqVqCuPcPK//3eDrrjQhehXVx9cnkGdw==",
      "dev": true
    },
    "node_modules/rollup": {
      "version": "4.18.0",
      "resolved": "https://registry.npmjs.org/rollup/-/rollup-4.18.0.tgz",
      "integrity": "sha512-1VyhD9ZS9Pbsj2TAdRCg2AC8eB3YpWAl2e1W8YkNAWw9yLG4mrD1xfFT+D89u+p3yS2NMW83C812Iwh1X2+4pA==",
      "dev": true,
      "bin": {
        "rollup": "dist/bin/rollup"
      },
      "engines": {
        "node": ">=18.0.0",
        "npm": ">=8.0.0"
      },
      "optionalDependencies": {
        "@rollup/rollup-android-arm-eabi": "4.18.0",
        "@rollup/rollup-android-arm64": "4.18.0",
        "@rollup/rollup-darwin-arm64": "4.18.0",
        "@rollup/rollup-darwin-x64": "4.18.0",
        "@rollup/rollup-linux-arm-gnueabihf": "4.18.0",
        "@rollup/rollup-linux-arm64-gnu": "4.18.0",
        "@rollup/rollup-linux-arm64-musl": "4.18.0",
        "@rollup/rollup-linux-x64-gnu": "4.18.0",
        "@rollup/rollup-linux-x64-musl": "4.18.0",
        "@rollup/rollup-win32-arm64-msvc": "4.18.0",
        "@rollup/rollup-win32-ia32-msvc": "4.18.0",
        "@rollup/rollup-win32-x64-msvc": "4.18.0",
        "fsevents": "~2.3.2"
      }
    },
    "node_modules/scheduler": {
      "version": "0.23.2",
      "resolved": "https://registry.npmjs.org/scheduler/-/scheduler-0.23.2.tgz",
      "integrity": "sha512-E0902ikL8Oa8PSBENk/ecD/2Bqr5k/90w2QTrxLd0ZM63s/2T+t+tT1S5vI2xAVVBE0708v9l3TUFq21223tA==",
      "dependencies": {
        "loose-envify": "^1.1.0"
      }
    },
    "node_modules/source-map-js": {
      "version": "1.2.0",
      "resolved": "https://registry.npmjs.org/source-map-js/-/source-map-js-1.2.0.tgz",
      "integrity": "sha512-itJW8lvSA0imCmpWBwM2oGv3IIawePah3S9D3F3x9/LSSiBplg9LMLzd33ZeG9oDw3Gl64b96Z2uWn2zL+H9PA==",
      "dev": true,
      "engines": {
        "node": ">=0.10.0"
      }
    },
    "node_modules/typescript": {
      "version": "5.2.2",
      "resolved": "https://registry.npmjs.org/typescript/-/typescript-5.2.2.tgz",
      "integrity": "sha512-mI4WrpHsbCIcwT9cF4FvrqfBwjwBuzW/EXZXvhMHiHWSykUfuUAKoxDFcPbIuALIiLCUPVO+bA9Jb7EceAJ8XQ==",
      "dev": true,
      "bin": {
        "tsc": "bin/tsc",
        "tsserver": "bin/tsserver"
      },
      "engines": {
        "node": ">=14.17"
      }
    },
    "node_modules/undici-types": {
      "version": "5.26.5",
      "resolved": "https://registry.npmjs.org/undici-types/-/undici-types-5.26.5.tgz",
      "integrity": "sha512-JlCMO+ehdEIKqlFxk6IfVoAUVmgz7cU7zD/h9XZ0qzeosSHmUJVOzSQvvYSYWXkFXC+IfLKSIffhv0sVZup6pA==",
      "dev": true
    },
    "node_modules/vite": {
      "version": "5.2.0",
      "resolved": "https://registry.npmjs.org/vite/-/vite-5.2.0.tgz",
      "integrity": "sha512-V1mBojP0n0BPtB5FChbO42q8zB1G35NGHjyY7nU2o3h59dGj2MPkKx+lruCBYV93Uj7pB+c6uoJ8B4fX8aZg/w==",
      "dev": true,
      "hasInstallScript": true,
      "dependencies": {
        "esbuild": "^0.20.0",
        "postcss": "^8.4.31",
        "rollup": "^4.9.0"
      },
      "bin": {
        "vite": "bin/vite.js"
      },
      "engines": {
        "node": "^18.0.0 || >=20.0.0"
      },
      "funding": {
        "url": "https://github.com/sponsors/yyx990803"
      },
      "optionalDependencies": {
        "fsevents": "~2.3.3"
      },
      "peerDependencies": {
        "less": "*",
        "lightningcss": "^1.21.0",
        "sass": "*",
        "stylus": "*",
        "sugarss": "*",
        "terser": "^5.4.0"
      },
      "peerDependenciesMeta": {
        "less": {
          "optional": true
        },
        "lightningcss": {
          "optional": true
        },
        "sass": {
          "optional": true
        },
        "stylus": {
          "optional": true
        },
        "sugarss": {
          "optional": true
        },
        "terser": {
          "optional": true
        }
      }
    }
  }
}
